
Microsoft Visual Studio Solution File, Format Version 12.00
# Visual Studio Version 17
VisualStudioVersion = 17.6.33829.357
MinimumVisualStudioVersion = 10.0.40219.1
Project("{FAE04EC0-301F-11D3-BF4B-00C04F79EFBC}") = "MvcMovie", "MvcMovie.csproj", "{D19988C0-C01C-4EF4-90B8-851532BA6C56}"
EndProject
Global
	GlobalSection(SolutionConfigurationPlatforms) = preSolution
		Debug|Any CPU = Debug|Any CPU
		Release|Any CPU = Release|Any CPU
	EndGlobalSection
	GlobalSection(ProjectConfigurationPlatforms) = postSolution
		{D19988C0-C01C-4EF4-90B8-851532BA6C56}.Debug|Any CPU.ActiveCfg = Debug|Any CPU
		{D19988C0-C01C-4EF4-90B8-851532BA6C56}.Debug|Any CPU.Build.0 = Debug|Any CPU
		{D19988C0-C01C-4EF4-90B8-851532BA6C56}.Release|Any CPU.ActiveCfg = Release|Any CPU
		{D19988C0-C01C-4EF4-90B8-851532BA6C56}.Release|Any CPU.Build.0 = Release|Any CPU
	EndGlobalSection
	GlobalSection(SolutionProperties) = preSolution
		HideSolutionNode = FALSE
	EndGlobalSection
	GlobalSection(ExtensibilityGlobals) = postSolution
		SolutionGuid = {D7A9637E-6244-472C-90A6-2211EAA4C0BA}
	EndGlobalSection
EndGlobal
