
Microsoft Visual Studio Solution File, Format Version 12.00
# Visual Studio Version 17
VisualStudioVersion = 17.6.33829.357
MinimumVisualStudioVersion = 10.0.40219.1
Project("{FAE04EC0-301F-11D3-BF4B-00C04F79EFBC}") = "movie", "movie.csproj", "{70114C83-DD9A-4577-AF75-FA4D630C3B9A}"
EndProject
Global
	GlobalSection(SolutionConfigurationPlatforms) = preSolution
		Debug|Any CPU = Debug|Any CPU
		Release|Any CPU = Release|Any CPU
	EndGlobalSection
	GlobalSection(ProjectConfigurationPlatforms) = postSolution
		{70114C83-DD9A-4577-AF75-FA4D630C3B9A}.Debug|Any CPU.ActiveCfg = Debug|Any CPU
		{70114C83-DD9A-4577-AF75-FA4D630C3B9A}.Debug|Any CPU.Build.0 = Debug|Any CPU
		{70114C83-DD9A-4577-AF75-FA4D630C3B9A}.Release|Any CPU.ActiveCfg = Release|Any CPU
		{70114C83-DD9A-4577-AF75-FA4D630C3B9A}.Release|Any CPU.Build.0 = Release|Any CPU
	EndGlobalSection
	GlobalSection(SolutionProperties) = preSolution
		HideSolutionNode = FALSE
	EndGlobalSection
	GlobalSection(ExtensibilityGlobals) = postSolution
		SolutionGuid = {9CEB8EA0-D8C2-4391-80C7-939C226DBBCE}
	EndGlobalSection
EndGlobal
