
Microsoft Visual Studio Solution File, Format Version 12.00
# Visual Studio Version 17
VisualStudioVersion = 17.6.33829.357
MinimumVisualStudioVersion = 10.0.40219.1
Project("{FAE04EC0-301F-11D3-BF4B-00C04F79EFBC}") = "WebAPI", "WebAPI\WebAPI.csproj", "{415BC4A1-91D7-4854-9AAE-CF0FDC3C22C7}"
EndProject
Global
	GlobalSection(SolutionConfigurationPlatforms) = preSolution
		Debug|Any CPU = Debug|Any CPU
		Release|Any CPU = Release|Any CPU
	EndGlobalSection
	GlobalSection(ProjectConfigurationPlatforms) = postSolution
		{415BC4A1-91D7-4854-9AAE-CF0FDC3C22C7}.Debug|Any CPU.ActiveCfg = Debug|Any CPU
		{415BC4A1-91D7-4854-9AAE-CF0FDC3C22C7}.Debug|Any CPU.Build.0 = Debug|Any CPU
		{415BC4A1-91D7-4854-9AAE-CF0FDC3C22C7}.Release|Any CPU.ActiveCfg = Release|Any CPU
		{415BC4A1-91D7-4854-9AAE-CF0FDC3C22C7}.Release|Any CPU.Build.0 = Release|Any CPU
	EndGlobalSection
	GlobalSection(SolutionProperties) = preSolution
		HideSolutionNode = FALSE
	EndGlobalSection
	GlobalSection(ExtensibilityGlobals) = postSolution
		SolutionGuid = {B3C9E150-FE6E-4E13-A303-C4BC1050083A}
	EndGlobalSection
EndGlobal
