
Microsoft Visual Studio Solution File, Format Version 12.00
# Visual Studio Version 17
VisualStudioVersion = 17.7.34003.232
MinimumVisualStudioVersion = 10.0.40219.1
Project("{FAE04EC0-301F-11D3-BF4B-00C04F79EFBC}") = "Emai", "Emai\Emai.csproj", "{89AFB85E-8BB0-4AD4-850B-9006120F93DB}"
EndProject
Global
	GlobalSection(SolutionConfigurationPlatforms) = preSolution
		Debug|Any CPU = Debug|Any CPU
		Release|Any CPU = Release|Any CPU
	EndGlobalSection
	GlobalSection(ProjectConfigurationPlatforms) = postSolution
		{89AFB85E-8BB0-4AD4-850B-9006120F93DB}.Debug|Any CPU.ActiveCfg = Debug|Any CPU
		{89AFB85E-8BB0-4AD4-850B-9006120F93DB}.Debug|Any CPU.Build.0 = Debug|Any CPU
		{89AFB85E-8BB0-4AD4-850B-9006120F93DB}.Release|Any CPU.ActiveCfg = Release|Any CPU
		{89AFB85E-8BB0-4AD4-850B-9006120F93DB}.Release|Any CPU.Build.0 = Release|Any CPU
	EndGlobalSection
	GlobalSection(SolutionProperties) = preSolution
		HideSolutionNode = FALSE
	EndGlobalSection
	GlobalSection(ExtensibilityGlobals) = postSolution
		SolutionGuid = {F6A334ED-93CE-4E86-AD1B-0A2D7C2C3103}
	EndGlobalSection
EndGlobal
